{
  "name": "my-project",
  "version": "1.0.0",
  "lockfileVersion": 3,
  "requires": true,
  "packages": {
    "": {
      "name": "my-project",
      "version": "1.0.0",
      "license": "ISC",
      "dependencies": {
        "uppgift-andre-first": "^2.0.0",
        "uppgift-andre-second": "^2.0.0"
      }
    },
    "node_modules/uppgift-andre-first": {
      "version": "2.0.0",
      "resolved": "https://registry.npmjs.org/uppgift-andre-first/-/uppgift-andre-first-2.0.0.tgz",
      "integrity": "sha512-irWxHgwh3Wyp9YoOr83un/UmORlOBlLe08hRWJOtXkQB2WTPgsdrCV/YxsgcSKvqIxXVzbpTDtXFmtQDgoiwmw=="
    },
    "node_modules/uppgift-andre-second": {
      "version": "2.0.0",
      "resolved": "https://registry.npmjs.org/uppgift-andre-second/-/uppgift-andre-second-2.0.0.tgz",
      "integrity": "sha512-CS6yMWneozdbSD2AkM9m+2S8WiQSujUd7XKnQcumz3OjGyy210+wK8gNPha/Fd57qmCQUFtT5oEOYDqNE2GR2g==",
      "dependencies": {
        "uppgift-andre-first": "^2.0.0"
      }
    }
  }
}
